// !$*UTF8*$!
{
	archiveVersion = 1;
	classes = {
	};
	objectVersion = 46;
	objects = {

/* Begin PBXBuildFile section */
		BDCE34F91CB9D44C006832E9 /* AppDelegate.swift in Sources */ = {isa = PBXBuildFile; fileRef = BDCE34F81CB9D44C006832E9 /* AppDelegate.swift */; };
		BDCE350B1CB9D69B006832E9 /* Person.swift in Sources */ = {isa = PBXBuildFile; fileRef = BDCE350A1CB9D69B006832E9 /* Person.swift */; };
		BDCE350F1CBA805A006832E9 /* PersonWithWeakFriend.swift in Sources */ = {isa = PBXBuildFile; fileRef = BDCE350E1CBA805A006832E9 /* PersonWithWeakFriend.swift */; };
/* End PBXBuildFile section */

/* Begin PBXFileReference section */
		BDCE34F51CB9D44C006832E9 /* InstanceLifecycleDemo.app */ = {isa = PBXFileReference; explicitFileType = wrapper.application; includeInIndex = 0; path = InstanceLifecycleDemo.app; sourceTree = BUILT_PRODUCTS_DIR; };
		BDCE34F81CB9D44C006832E9 /* AppDelegate.swift */ = {isa = PBXFileReference; lastKnownFileType = sourcecode.swift; path = AppDelegate.swift; sourceTree = "<group>"; };
		BDCE35041CB9D44C006832E9 /* Info.plist */ = {isa = PBXFileReference; lastKnownFileType = text.plist.xml; path = Info.plist; sourceTree = "<group>"; };
		BDCE350A1CB9D69B006832E9 /* Person.swift */ = {isa = PBXFileReference; fileEncoding = 4; lastKnownFileType = sourcecode.swift; path = Person.swift; sourceTree = "<group>"; };
		BDCE350E1CBA805A006832E9 /* PersonWithWeakFriend.swift */ = {isa = PBXFileReference; fileEncoding = 4; lastKnownFileType = sourcecode.swift; path = PersonWithWeakFriend.swift; sourceTree = "<group>"; };
/* End PBXFileReference section */

/* Begin PBXFrameworksBuildPhase section */
		BDCE34F21CB9D44C006832E9 /* Frameworks */ = {
			isa = PBXFrameworksBuildPhase;
			buildActionMask = 2147483647;
			files = (
			);
			runOnlyForDeploymentPostprocessing = 0;
		};
/* End PBXFrameworksBuildPhase section */

/* Begin PBXGroup section */
		BDCE34EC1CB9D44C006832E9 = {
			isa = PBXGroup;
			children = (
				BDCE34F71CB9D44C006832E9 /* InstanceLifecycleDemo */,
				BDCE34F61CB9D44C006832E9 /* Products */,
			);
			sourceTree = "<group>";
		};
		BDCE34F61CB9D44C006832E9 /* Products */ = {
			isa = PBXGroup;
			children = (
				BDCE34F51CB9D44C006832E9 /* InstanceLifecycleDemo.app */,
			);
			name = Products;
			sourceTree = "<group>";
		};
		BDCE34F71CB9D44C006832E9 /* InstanceLifecycleDemo */ = {
			isa = PBXGroup;
			children = (
				BDCE34F81CB9D44C006832E9 /* AppDelegate.swift */,
				BDCE350A1CB9D69B006832E9 /* Person.swift */,
				BDCE350E1CBA805A006832E9 /* PersonWithWeakFriend.swift */,
				BDCE35041CB9D44C006832E9 /* Info.plist */,
			);
			path = InstanceLifecycleDemo;
			sourceTree = "<group>";
		};
/* End PBXGroup section */

/* Begin PBXNativeTarget section */
		BDCE34F41CB9D44C006832E9 /* InstanceLifecycleDemo */ = {
			isa = PBXNativeTarget;
			buildConfigurationList = BDCE35071CB9D44C006832E9 /* Build configuration list for PBXNativeTarget "InstanceLifecycleDemo" */;
			buildPhases = (
				BDCE34F11CB9D44C006832E9 /* Sources */,
				BDCE34F21CB9D44C006832E9 /* Frameworks */,
				BDCE34F31CB9D44C006832E9 /* Resources */,
			);
			buildRules = (
			);
			dependencies = (
			);
			name = InstanceLifecycleDemo;
			productName = InstanceLifecycleDemo;
			productReference = BDCE34F51CB9D44C006832E9 /* InstanceLifecycleDemo.app */;
			productType = "com.apple.product-type.application";
		};
/* End PBXNativeTarget section */

/* Begin PBXProject section */
		BDCE34ED1CB9D44C006832E9 /* Project object */ = {
			isa = PBXProject;
			attributes = {
				LastSwiftUpdateCheck = 0730;
				LastUpgradeCheck = 0730;
				ORGANIZATIONNAME = guoc;
				TargetAttributes = {
					BDCE34F41CB9D44C006832E9 = {
						CreatedOnToolsVersion = 7.3;
					};
				};
			};
			buildConfigurationList = BDCE34F01CB9D44C006832E9 /* Build configuration list for PBXProject "InstanceLifecycleDemo" */;
			compatibilityVersion = "Xcode 3.2";
			developmentRegion = English;
			hasScannedForEncodings = 0;
			knownRegions = (
				en,
				Base,
			);
			mainGroup = BDCE34EC1CB9D44C006832E9;
			productRefGroup = BDCE34F61CB9D44C006832E9 /* Products */;
			projectDirPath = "";
			projectRoot = "";
			targets = (
				BDCE34F41CB9D44C006832E9 /* InstanceLifecycleDemo */,
			);
		};
/* End PBXProject section */

/* Begin PBXResourcesBuildPhase section */
		BDCE34F31CB9D44C006832E9 /* Resources */ = {
			isa = PBXResourcesBuildPhase;
			buildActionMask = 2147483647;
			files = (
			);
			runOnlyForDeploymentPostprocessing = 0;
		};
/* End PBXResourcesBuildPhase section */

/* Begin PBXSourcesBuildPhase section */
		BDCE34F11CB9D44C006832E9 /* Sources */ = {
			isa = PBXSourcesBuildPhase;
			buildActionMask = 2147483647;
			files = (
				BDCE350F1CBA805A006832E9 /* PersonWithWeakFriend.swift in Sources */,
				BDCE350B1CB9D69B006832E9 /* Person.swift in Sources */,
				BDCE34F91CB9D44C006832E9 /* AppDelegate.swift in Sources */,
			);
			runOnlyForDeploymentPostprocessing = 0;
		};
/* End PBXSourcesBuildPhase section */

/* Begin XCBuildConfiguration section */
		BDCE35051CB9D44C006832E9 /* Debug */ = {
			isa = XCBuildConfiguration;
			buildSettings = {
				ALWAYS_SEARCH_USER_PATHS = NO;
				CLANG_ANALYZER_NONNULL = YES;
				CLANG_CXX_LANGUAGE_STANDARD = "gnu++0x";
				CLANG_CXX_LIBRARY = "libc++";
				CLANG_ENABLE_MODULES = YES;
				CLANG_ENABLE_OBJC_ARC = YES;
				CLANG_WARN_BOOL_CONVERSION = YES;
				CLANG_WARN_CONSTANT_CONVERSION = YES;
				CLANG_WARN_DIRECT_OBJC_ISA_USAGE = YES_ERROR;
				CLANG_WARN_EMPTY_BODY = YES;
				CLANG_WARN_ENUM_CONVERSION = YES;
				CLANG_WARN_INT_CONVERSION = YES;
				CLANG_WARN_OBJC_ROOT_CLASS = YES_ERROR;
				CLANG_WARN_UNREACHABLE_CODE = YES;
				CLANG_WARN__DUPLICATE_METHOD_MATCH = YES;
				"CODE_SIGN_IDENTITY[sdk=iphoneos*]" = "iPhone Developer";
				COPY_PHASE_STRIP = NO;
				DEBUG_INFORMATION_FORMAT = dwarf;
				ENABLE_STRICT_OBJC_MSGSEND = YES;
				ENABLE_TESTABILITY = YES;
				GCC_C_LANGUAGE_STANDARD = gnu99;
				GCC_DYNAMIC_NO_PIC = NO;
				GCC_NO_COMMON_BLOCKS = YES;
				GCC_OPTIMIZATION_LEVEL = 0;
				GCC_PREPROCESSOR_DEFINITIONS = (
					"DEBUG=1",
					"$(inherited)",
				);
				GCC_WARN_64_TO_32_BIT_CONVERSION = YES;
				GCC_WARN_ABOUT_RETURN_TYPE = YES_ERROR;
				GCC_WARN_UNDECLARED_SELECTOR = YES;
				GCC_WARN_UNINITIALIZED_AUTOS = YES_AGGRESSIVE;
				GCC_WARN_UNUSED_FUNCTION = YES;
				GCC_WARN_UNUSED_VARIABLE = YES;
				IPHONEOS_DEPLOYMENT_TARGET = 9.3;
				MTL_ENABLE_DEBUG_INFO = YES;
				ONLY_ACTIVE_ARCH = YES;
				SDKROOT = iphoneos;
				SWIFT_OPTIMIZATION_LEVEL = "-Onone";
				TARGETED_DEVICE_FAMILY = "1,2";
			};
			name = Debug;
		};
		BDCE35061CB9D44C006832E9 /* Release */ = {
			isa = XCBuildConfiguration;
			buildSettings = {
				ALWAYS_SEARCH_USER_PATHS = NO;
				CLANG_ANALYZER_NONNULL = YES;
				CLANG_CXX_LANGUAGE_STANDARD = "gnu++0x";
				CLANG_CXX_LIBRARY = "libc++";
				CLANG_ENABLE_MODULES = YES;
				CLANG_ENABLE_OBJC_ARC = YES;
				CLANG_WARN_BOOL_CONVERSION = YES;
				CLANG_WARN_CONSTANT_CONVERSION = YES;
				CLANG_WARN_DIRECT_OBJC_ISA_USAGE = YES_ERROR;
				CLANG_WARN_EMPTY_BODY = YES;
				CLANG_WARN_ENUM_CONVERSION = YES;
				CLANG_WARN_INT_CONVERSION = YES;
				CLANG_WARN_OBJC_ROOT_CLASS = YES_ERROR;
				CLANG_WARN_UNREACHABLE_CODE = YES;
				CLANG_WARN__DUPLICATE_METHOD_MATCH = YES;
				"CODE_SIGN_IDENTITY[sdk=iphoneos*]" = "iPhone Developer";
				COPY_PHASE_STRIP = NO;
				DEBUG_INFORMATION_FORMAT = "dwarf-with-dsym";
				ENABLE_NS_ASSERTIONS = NO;
				ENABLE_STRICT_OBJC_MSGSEND = YES;
				GCC_C_LANGUAGE_STANDARD = gnu99;
				GCC_NO_COMMON_BLOCKS = YES;
				GCC_WARN_64_TO_32_BIT_CONVERSION = YES;
				GCC_WARN_ABOUT_RETURN_TYPE = YES_ERROR;
				GCC_WARN_UNDECLARED_SELECTOR = YES;
				GCC_WARN_UNINITIALIZED_AUTOS = YES_AGGRESSIVE;
				GCC_WARN_UNUSED_FUNCTION = YES;
				GCC_WARN_UNUSED_VARIABLE = YES;
				IPHONEOS_DEPLOYMENT_TARGET = 9.3;
				MTL_ENABLE_DEBUG_INFO = NO;
				SDKROOT = iphoneos;
				TARGETED_DEVICE_FAMILY = "1,2";
				VALIDATE_PRODUCT = YES;
			};
			name = Release;
		};
		BDCE35081CB9D44C006832E9 /* Debug */ = {
			isa = XCBuildConfiguration;
			buildSettings = {
				ASSETCATALOG_COMPILER_APPICON_NAME = AppIcon;
				INFOPLIST_FILE = InstanceLifecycleDemo/Info.plist;
				IPHONEOS_DEPLOYMENT_TARGET = 9.0;
				LD_RUNPATH_SEARCH_PATHS = "$(inherited) @executable_path/Frameworks";
				PRODUCT_BUNDLE_IDENTIFIER = name.guoc.InstanceLifecycleDemo;
				PRODUCT_NAME = "$(TARGET_NAME)";
			};
			name = Debug;
		};
		BDCE35091CB9D44C006832E9 /* Release */ = {
			isa = XCBuildConfiguration;
			buildSettings = {
				ASSETCATALOG_COMPILER_APPICON_NAME = AppIcon;
				INFOPLIST_FILE = InstanceLifecycleDemo/Info.plist;
				IPHONEOS_DEPLOYMENT_TARGET = 9.0;
				LD_RUNPATH_SEARCH_PATHS = "$(inherited) @executable_path/Frameworks";
				PRODUCT_BUNDLE_IDENTIFIER = name.guoc.InstanceLifecycleDemo;
				PRODUCT_NAME = "$(TARGET_NAME)";
			};
			name = Release;
		};
/* End XCBuildConfiguration section */

/* Begin XCConfigurationList section */
		BDCE34F01CB9D44C006832E9 /* Build configuration list for PBXProject "InstanceLifecycleDemo" */ = {
			isa = XCConfigurationList;
			buildConfigurations = (
				BDCE35051CB9D44C006832E9 /* Debug */,
				BDCE35061CB9D44C006832E9 /* Release */,
			);
			defaultConfigurationIsVisible = 0;
			defaultConfigurationName = Release;
		};
		BDCE35071CB9D44C006832E9 /* Build configuration list for PBXNativeTarget "InstanceLifecycleDemo" */ = {
			isa = XCConfigurationList;
			buildConfigurations = (
				BDCE35081CB9D44C006832E9 /* Debug */,
				BDCE35091CB9D44C006832E9 /* Release */,
			);
			defaultConfigurationIsVisible = 0;
		};
/* End XCConfigurationList section */
	};
	rootObject = BDCE34ED1CB9D44C006832E9 /* Project object */;
}
